
Microsoft Visual Studio Solution File, Format Version 12.00
# Visual Studio Version 17
VisualStudioVersion = 17.13.35931.197
MinimumVisualStudioVersion = 10.0.40219.1
Project("{FAE04EC0-301F-11D3-BF4B-00C04F79EFBC}") = "ThePresentation", "DrugFreeSystem\ThePresentation.csproj", "{8ADB941F-608D-4B65-ACC3-7330BD531DDE}"
EndProject
Project("{FAE04EC0-301F-11D3-BF4B-00C04F79EFBC}") = "BusinessObjects", "BusinessObjects\BusinessObjects.csproj", "{C89E0A68-2E7E-4273-8A73-3F40DFD7DEDB}"
EndProject
Project("{FAE04EC0-301F-11D3-BF4B-00C04F79EFBC}") = "DataAccessLayer", "DataAccessLayer\DataAccessLayer.csproj", "{54E1FAAF-2A0E-4CD8-BB80-BFB5A7FBEC23}"
EndProject
Project("{FAE04EC0-301F-11D3-BF4B-00C04F79EFBC}") = "Repositories", "Repositories\Repositories.csproj", "{5A47BA5C-6BF6-4B1A-AA2F-BF3A91E40573}"
EndProject
Project("{FAE04EC0-301F-11D3-BF4B-00C04F79EFBC}") = "Services", "Services\Services.csproj", "{DD1B8AB5-8475-41A9-A912-F59D70AF0133}"
EndProject
Global
	GlobalSection(SolutionConfigurationPlatforms) = preSolution
		Debug|Any CPU = Debug|Any CPU
		Release|Any CPU = Release|Any CPU
	EndGlobalSection
	GlobalSection(ProjectConfigurationPlatforms) = postSolution
		{8ADB941F-608D-4B65-ACC3-7330BD531DDE}.Debug|Any CPU.ActiveCfg = Debug|Any CPU
		{8ADB941F-608D-4B65-ACC3-7330BD531DDE}.Debug|Any CPU.Build.0 = Debug|Any CPU
		{8ADB941F-608D-4B65-ACC3-7330BD531DDE}.Release|Any CPU.ActiveCfg = Release|Any CPU
		{8ADB941F-608D-4B65-ACC3-7330BD531DDE}.Release|Any CPU.Build.0 = Release|Any CPU
		{C89E0A68-2E7E-4273-8A73-3F40DFD7DEDB}.Debug|Any CPU.ActiveCfg = Debug|Any CPU
		{C89E0A68-2E7E-4273-8A73-3F40DFD7DEDB}.Debug|Any CPU.Build.0 = Debug|Any CPU
		{C89E0A68-2E7E-4273-8A73-3F40DFD7DEDB}.Release|Any CPU.ActiveCfg = Release|Any CPU
		{C89E0A68-2E7E-4273-8A73-3F40DFD7DEDB}.Release|Any CPU.Build.0 = Release|Any CPU
		{54E1FAAF-2A0E-4CD8-BB80-BFB5A7FBEC23}.Debug|Any CPU.ActiveCfg = Debug|Any CPU
		{54E1FAAF-2A0E-4CD8-BB80-BFB5A7FBEC23}.Debug|Any CPU.Build.0 = Debug|Any CPU
		{54E1FAAF-2A0E-4CD8-BB80-BFB5A7FBEC23}.Release|Any CPU.ActiveCfg = Release|Any CPU
		{54E1FAAF-2A0E-4CD8-BB80-BFB5A7FBEC23}.Release|Any CPU.Build.0 = Release|Any CPU
		{5A47BA5C-6BF6-4B1A-AA2F-BF3A91E40573}.Debug|Any CPU.ActiveCfg = Debug|Any CPU
		{5A47BA5C-6BF6-4B1A-AA2F-BF3A91E40573}.Debug|Any CPU.Build.0 = Debug|Any CPU
		{5A47BA5C-6BF6-4B1A-AA2F-BF3A91E40573}.Release|Any CPU.ActiveCfg = Release|Any CPU
		{5A47BA5C-6BF6-4B1A-AA2F-BF3A91E40573}.Release|Any CPU.Build.0 = Release|Any CPU
		{DD1B8AB5-8475-41A9-A912-F59D70AF0133}.Debug|Any CPU.ActiveCfg = Debug|Any CPU
		{DD1B8AB5-8475-41A9-A912-F59D70AF0133}.Debug|Any CPU.Build.0 = Debug|Any CPU
		{DD1B8AB5-8475-41A9-A912-F59D70AF0133}.Release|Any CPU.ActiveCfg = Release|Any CPU
		{DD1B8AB5-8475-41A9-A912-F59D70AF0133}.Release|Any CPU.Build.0 = Release|Any CPU
	EndGlobalSection
	GlobalSection(SolutionProperties) = preSolution
		HideSolutionNode = FALSE
	EndGlobalSection
	GlobalSection(ExtensibilityGlobals) = postSolution
		SolutionGuid = {76F99849-37AF-4FD7-8A99-7D96A7A50BDA}
	EndGlobalSection
EndGlobal
